// !$*UTF8*$!
{
	archiveVersion = 1;
	classes = {
	};
	objectVersion = 56;
	objects = {

/* Begin PBXBuildFile section */
		352941572958E45300106166 /* Day_40App.swift in Sources */ = {isa = PBXBuildFile; fileRef = 352941562958E45300106166 /* Day_40App.swift */; };
		352941592958E45300106166 /* ContentView.swift in Sources */ = {isa = PBXBuildFile; fileRef = 352941582958E45300106166 /* ContentView.swift */; };
		3529415B2958E45500106166 /* Assets.xcassets in Resources */ = {isa = PBXBuildFile; fileRef = 3529415A2958E45500106166 /* Assets.xcassets */; };
		3529415E2958E45500106166 /* Preview Assets.xcassets in Resources */ = {isa = PBXBuildFile; fileRef = 3529415D2958E45500106166 /* Preview Assets.xcassets */; };
		352941652958E4E800106166 /* Astronaut.swift in Sources */ = {isa = PBXBuildFile; fileRef = 352941642958E4E800106166 /* Astronaut.swift */; };
		352941682958E54300106166 /* astronauts.json in Resources */ = {isa = PBXBuildFile; fileRef = 352941662958E54300106166 /* astronauts.json */; };
		352941692958E54300106166 /* missions.json in Resources */ = {isa = PBXBuildFile; fileRef = 352941672958E54300106166 /* missions.json */; };
		3529416B2958E5D400106166 /* Bundle-Decodable.swift in Sources */ = {isa = PBXBuildFile; fileRef = 3529416A2958E5D400106166 /* Bundle-Decodable.swift */; };
		3529416D2958EB5400106166 /* Mission.swift in Sources */ = {isa = PBXBuildFile; fileRef = 3529416C2958EB5400106166 /* Mission.swift */; };
		3529416F2959922E00106166 /* Color-Theme.swift in Sources */ = {isa = PBXBuildFile; fileRef = 3529416E2959922E00106166 /* Color-Theme.swift */; };
		35294173295A5DB800106166 /* MissionView.swift in Sources */ = {isa = PBXBuildFile; fileRef = 35294172295A5DB800106166 /* MissionView.swift */; };
		35294175295A726700106166 /* AstronautView.swift in Sources */ = {isa = PBXBuildFile; fileRef = 35294174295A726700106166 /* AstronautView.swift */; };
		355B90BF295BF18700A70426 /* AstronautScroll.swift in Sources */ = {isa = PBXBuildFile; fileRef = 355B90BE295BF18700A70426 /* AstronautScroll.swift */; };
		355B90C1295C0A0800A70426 /* CrewMember.swift in Sources */ = {isa = PBXBuildFile; fileRef = 355B90C0295C0A0800A70426 /* CrewMember.swift */; };
		355B90C3295C4C0000A70426 /* GridView.swift in Sources */ = {isa = PBXBuildFile; fileRef = 355B90C2295C4C0000A70426 /* GridView.swift */; };
		355B90C5295C4D1400A70426 /* ListView.swift in Sources */ = {isa = PBXBuildFile; fileRef = 355B90C4295C4D1400A70426 /* ListView.swift */; };
/* End PBXBuildFile section */

/* Begin PBXFileReference section */
		352941532958E45300106166 /* Day-40.app */ = {isa = PBXFileReference; explicitFileType = wrapper.application; includeInIndex = 0; path = "Day-40.app"; sourceTree = BUILT_PRODUCTS_DIR; };
		352941562958E45300106166 /* Day_40App.swift */ = {isa = PBXFileReference; lastKnownFileType = sourcecode.swift; path = Day_40App.swift; sourceTree = "<group>"; };
		352941582958E45300106166 /* ContentView.swift */ = {isa = PBXFileReference; lastKnownFileType = sourcecode.swift; path = ContentView.swift; sourceTree = "<group>"; };
		3529415A2958E45500106166 /* Assets.xcassets */ = {isa = PBXFileReference; lastKnownFileType = folder.assetcatalog; path = Assets.xcassets; sourceTree = "<group>"; };
		3529415D2958E45500106166 /* Preview Assets.xcassets */ = {isa = PBXFileReference; lastKnownFileType = folder.assetcatalog; path = "Preview Assets.xcassets"; sourceTree = "<group>"; };
		352941642958E4E800106166 /* Astronaut.swift */ = {isa = PBXFileReference; lastKnownFileType = sourcecode.swift; path = Astronaut.swift; sourceTree = "<group>"; };
		352941662958E54300106166 /* astronauts.json */ = {isa = PBXFileReference; fileEncoding = 4; lastKnownFileType = text.json; name = astronauts.json; path = "../../../HackingWithSwift-Clone/SwiftUI/project8-files/astronauts.json"; sourceTree = "<group>"; };
		352941672958E54300106166 /* missions.json */ = {isa = PBXFileReference; fileEncoding = 4; lastKnownFileType = text.json; name = missions.json; path = "../../../HackingWithSwift-Clone/SwiftUI/project8-files/missions.json"; sourceTree = "<group>"; };
		3529416A2958E5D400106166 /* Bundle-Decodable.swift */ = {isa = PBXFileReference; lastKnownFileType = sourcecode.swift; path = "Bundle-Decodable.swift"; sourceTree = "<group>"; };
		3529416C2958EB5400106166 /* Mission.swift */ = {isa = PBXFileReference; lastKnownFileType = sourcecode.swift; path = Mission.swift; sourceTree = "<group>"; };
		3529416E2959922E00106166 /* Color-Theme.swift */ = {isa = PBXFileReference; lastKnownFileType = sourcecode.swift; path = "Color-Theme.swift"; sourceTree = "<group>"; };
		35294172295A5DB800106166 /* MissionView.swift */ = {isa = PBXFileReference; lastKnownFileType = sourcecode.swift; path = MissionView.swift; sourceTree = "<group>"; };
		35294174295A726700106166 /* AstronautView.swift */ = {isa = PBXFileReference; lastKnownFileType = sourcecode.swift; path = AstronautView.swift; sourceTree = "<group>"; };
		355B90BE295BF18700A70426 /* AstronautScroll.swift */ = {isa = PBXFileReference; lastKnownFileType = sourcecode.swift; path = AstronautScroll.swift; sourceTree = "<group>"; };
		355B90C0295C0A0800A70426 /* CrewMember.swift */ = {isa = PBXFileReference; lastKnownFileType = sourcecode.swift; path = CrewMember.swift; sourceTree = "<group>"; };
		355B90C2295C4C0000A70426 /* GridView.swift */ = {isa = PBXFileReference; lastKnownFileType = sourcecode.swift; path = GridView.swift; sourceTree = "<group>"; };
		355B90C4295C4D1400A70426 /* ListView.swift */ = {isa = PBXFileReference; lastKnownFileType = sourcecode.swift; path = ListView.swift; sourceTree = "<group>"; };
/* End PBXFileReference section */

/* Begin PBXFrameworksBuildPhase section */
		352941502958E45300106166 /* Frameworks */ = {
			isa = PBXFrameworksBuildPhase;
			buildActionMask = 2147483647;
			files = (
			);
			runOnlyForDeploymentPostprocessing = 0;
		};
/* End PBXFrameworksBuildPhase section */

/* Begin PBXGroup section */
		3529414A2958E45300106166 = {
			isa = PBXGroup;
			children = (
				352941552958E45300106166 /* Day-40 */,
				352941542958E45300106166 /* Products */,
			);
			sourceTree = "<group>";
		};
		352941542958E45300106166 /* Products */ = {
			isa = PBXGroup;
			children = (
				352941532958E45300106166 /* Day-40.app */,
			);
			name = Products;
			sourceTree = "<group>";
		};
		352941552958E45300106166 /* Day-40 */ = {
			isa = PBXGroup;
			children = (
				355B90C2295C4C0000A70426 /* GridView.swift */,
				352941662958E54300106166 /* astronauts.json */,
				355B90C0295C0A0800A70426 /* CrewMember.swift */,
				352941672958E54300106166 /* missions.json */,
				3529416C2958EB5400106166 /* Mission.swift */,
				352941562958E45300106166 /* Day_40App.swift */,
				352941582958E45300106166 /* ContentView.swift */,
				355B90BE295BF18700A70426 /* AstronautScroll.swift */,
				35294172295A5DB800106166 /* MissionView.swift */,
				35294174295A726700106166 /* AstronautView.swift */,
				3529415A2958E45500106166 /* Assets.xcassets */,
				3529416E2959922E00106166 /* Color-Theme.swift */,
				3529416A2958E5D400106166 /* Bundle-Decodable.swift */,
				352941642958E4E800106166 /* Astronaut.swift */,
				3529415C2958E45500106166 /* Preview Content */,
				355B90C4295C4D1400A70426 /* ListView.swift */,
			);
			path = "Day-40";
			sourceTree = "<group>";
		};
		3529415C2958E45500106166 /* Preview Content */ = {
			isa = PBXGroup;
			children = (
				3529415D2958E45500106166 /* Preview Assets.xcassets */,
			);
			path = "Preview Content";
			sourceTree = "<group>";
		};
/* End PBXGroup section */

/* Begin PBXNativeTarget section */
		352941522958E45300106166 /* Day-40 */ = {
			isa = PBXNativeTarget;
			buildConfigurationList = 352941612958E45500106166 /* Build configuration list for PBXNativeTarget "Day-40" */;
			buildPhases = (
				3529414F2958E45300106166 /* Sources */,
				352941502958E45300106166 /* Frameworks */,
				352941512958E45300106166 /* Resources */,
			);
			buildRules = (
			);
			dependencies = (
			);
			name = "Day-40";
			productName = "Day-40";
			productReference = 352941532958E45300106166 /* Day-40.app */;
			productType = "com.apple.product-type.application";
		};
/* End PBXNativeTarget section */

/* Begin PBXProject section */
		3529414B2958E45300106166 /* Project object */ = {
			isa = PBXProject;
			attributes = {
				BuildIndependentTargetsInParallel = 1;
				LastSwiftUpdateCheck = 1420;
				LastUpgradeCheck = 1420;
				TargetAttributes = {
					352941522958E45300106166 = {
						CreatedOnToolsVersion = 14.2;
					};
				};
			};
			buildConfigurationList = 3529414E2958E45300106166 /* Build configuration list for PBXProject "Day-40" */;
			compatibilityVersion = "Xcode 14.0";
			developmentRegion = en;
			hasScannedForEncodings = 0;
			knownRegions = (
				en,
				Base,
			);
			mainGroup = 3529414A2958E45300106166;
			productRefGroup = 352941542958E45300106166 /* Products */;
			projectDirPath = "";
			projectRoot = "";
			targets = (
				352941522958E45300106166 /* Day-40 */,
			);
		};
/* End PBXProject section */

/* Begin PBXResourcesBuildPhase section */
		352941512958E45300106166 /* Resources */ = {
			isa = PBXResourcesBuildPhase;
			buildActionMask = 2147483647;
			files = (
				352941682958E54300106166 /* astronauts.json in Resources */,
				3529415E2958E45500106166 /* Preview Assets.xcassets in Resources */,
				352941692958E54300106166 /* missions.json in Resources */,
				3529415B2958E45500106166 /* Assets.xcassets in Resources */,
			);
			runOnlyForDeploymentPostprocessing = 0;
		};
/* End PBXResourcesBuildPhase section */

/* Begin PBXSourcesBuildPhase section */
		3529414F2958E45300106166 /* Sources */ = {
			isa = PBXSourcesBuildPhase;
			buildActionMask = 2147483647;
			files = (
				355B90BF295BF18700A70426 /* AstronautScroll.swift in Sources */,
				35294173295A5DB800106166 /* MissionView.swift in Sources */,
				352941652958E4E800106166 /* Astronaut.swift in Sources */,
				355B90C3295C4C0000A70426 /* GridView.swift in Sources */,
				35294175295A726700106166 /* AstronautView.swift in Sources */,
				355B90C1295C0A0800A70426 /* CrewMember.swift in Sources */,
				3529416F2959922E00106166 /* Color-Theme.swift in Sources */,
				352941592958E45300106166 /* ContentView.swift in Sources */,
				355B90C5295C4D1400A70426 /* ListView.swift in Sources */,
				352941572958E45300106166 /* Day_40App.swift in Sources */,
				3529416D2958EB5400106166 /* Mission.swift in Sources */,
				3529416B2958E5D400106166 /* Bundle-Decodable.swift in Sources */,
			);
			runOnlyForDeploymentPostprocessing = 0;
		};
/* End PBXSourcesBuildPhase section */

/* Begin XCBuildConfiguration section */
		3529415F2958E45500106166 /* Debug */ = {
			isa = XCBuildConfiguration;
			buildSettings = {
				ALWAYS_SEARCH_USER_PATHS = NO;
				CLANG_ANALYZER_NONNULL = YES;
				CLANG_ANALYZER_NUMBER_OBJECT_CONVERSION = YES_AGGRESSIVE;
				CLANG_CXX_LANGUAGE_STANDARD = "gnu++20";
				CLANG_ENABLE_MODULES = YES;
				CLANG_ENABLE_OBJC_ARC = YES;
				CLANG_ENABLE_OBJC_WEAK = YES;
				CLANG_WARN_BLOCK_CAPTURE_AUTORELEASING = YES;
				CLANG_WARN_BOOL_CONVERSION = YES;
				CLANG_WARN_COMMA = YES;
				CLANG_WARN_CONSTANT_CONVERSION = YES;
				CLANG_WARN_DEPRECATED_OBJC_IMPLEMENTATIONS = YES;
				CLANG_WARN_DIRECT_OBJC_ISA_USAGE = YES_ERROR;
				CLANG_WARN_DOCUMENTATION_COMMENTS = YES;
				CLANG_WARN_EMPTY_BODY = YES;
				CLANG_WARN_ENUM_CONVERSION = YES;
				CLANG_WARN_INFINITE_RECURSION = YES;
				CLANG_WARN_INT_CONVERSION = YES;
				CLANG_WARN_NON_LITERAL_NULL_CONVERSION = YES;
				CLANG_WARN_OBJC_IMPLICIT_RETAIN_SELF = YES;
				CLANG_WARN_OBJC_LITERAL_CONVERSION = YES;
				CLANG_WARN_OBJC_ROOT_CLASS = YES_ERROR;
				CLANG_WARN_QUOTED_INCLUDE_IN_FRAMEWORK_HEADER = YES;
				CLANG_WARN_RANGE_LOOP_ANALYSIS = YES;
				CLANG_WARN_STRICT_PROTOTYPES = YES;
				CLANG_WARN_SUSPICIOUS_MOVE = YES;
				CLANG_WARN_UNGUARDED_AVAILABILITY = YES_AGGRESSIVE;
				CLANG_WARN_UNREACHABLE_CODE = YES;
				CLANG_WARN__DUPLICATE_METHOD_MATCH = YES;
				COPY_PHASE_STRIP = NO;
				DEBUG_INFORMATION_FORMAT = dwarf;
				ENABLE_STRICT_OBJC_MSGSEND = YES;
				ENABLE_TESTABILITY = YES;
				GCC_C_LANGUAGE_STANDARD = gnu11;
				GCC_DYNAMIC_NO_PIC = NO;
				GCC_NO_COMMON_BLOCKS = YES;
				GCC_OPTIMIZATION_LEVEL = 0;
				GCC_PREPROCESSOR_DEFINITIONS = (
					"DEBUG=1",
					"$(inherited)",
				);
				GCC_WARN_64_TO_32_BIT_CONVERSION = YES;
				GCC_WARN_ABOUT_RETURN_TYPE = YES_ERROR;
				GCC_WARN_UNDECLARED_SELECTOR = YES;
				GCC_WARN_UNINITIALIZED_AUTOS = YES_AGGRESSIVE;
				GCC_WARN_UNUSED_FUNCTION = YES;
				GCC_WARN_UNUSED_VARIABLE = YES;
				IPHONEOS_DEPLOYMENT_TARGET = 16.2;
				MTL_ENABLE_DEBUG_INFO = INCLUDE_SOURCE;
				MTL_FAST_MATH = YES;
				ONLY_ACTIVE_ARCH = YES;
				SDKROOT = iphoneos;
				SWIFT_ACTIVE_COMPILATION_CONDITIONS = DEBUG;
				SWIFT_OPTIMIZATION_LEVEL = "-Onone";
			};
			name = Debug;
		};
		352941602958E45500106166 /* Release */ = {
			isa = XCBuildConfiguration;
			buildSettings = {
				ALWAYS_SEARCH_USER_PATHS = NO;
				CLANG_ANALYZER_NONNULL = YES;
				CLANG_ANALYZER_NUMBER_OBJECT_CONVERSION = YES_AGGRESSIVE;
				CLANG_CXX_LANGUAGE_STANDARD = "gnu++20";
				CLANG_ENABLE_MODULES = YES;
				CLANG_ENABLE_OBJC_ARC = YES;
				CLANG_ENABLE_OBJC_WEAK = YES;
				CLANG_WARN_BLOCK_CAPTURE_AUTORELEASING = YES;
				CLANG_WARN_BOOL_CONVERSION = YES;
				CLANG_WARN_COMMA = YES;
				CLANG_WARN_CONSTANT_CONVERSION = YES;
				CLANG_WARN_DEPRECATED_OBJC_IMPLEMENTATIONS = YES;
				CLANG_WARN_DIRECT_OBJC_ISA_USAGE = YES_ERROR;
				CLANG_WARN_DOCUMENTATION_COMMENTS = YES;
				CLANG_WARN_EMPTY_BODY = YES;
				CLANG_WARN_ENUM_CONVERSION = YES;
				CLANG_WARN_INFINITE_RECURSION = YES;
				CLANG_WARN_INT_CONVERSION = YES;
				CLANG_WARN_NON_LITERAL_NULL_CONVERSION = YES;
				CLANG_WARN_OBJC_IMPLICIT_RETAIN_SELF = YES;
				CLANG_WARN_OBJC_LITERAL_CONVERSION = YES;
				CLANG_WARN_OBJC_ROOT_CLASS = YES_ERROR;
				CLANG_WARN_QUOTED_INCLUDE_IN_FRAMEWORK_HEADER = YES;
				CLANG_WARN_RANGE_LOOP_ANALYSIS = YES;
				CLANG_WARN_STRICT_PROTOTYPES = YES;
				CLANG_WARN_SUSPICIOUS_MOVE = YES;
				CLANG_WARN_UNGUARDED_AVAILABILITY = YES_AGGRESSIVE;
				CLANG_WARN_UNREACHABLE_CODE = YES;
				CLANG_WARN__DUPLICATE_METHOD_MATCH = YES;
				COPY_PHASE_STRIP = NO;
				DEBUG_INFORMATION_FORMAT = "dwarf-with-dsym";
				ENABLE_NS_ASSERTIONS = NO;
				ENABLE_STRICT_OBJC_MSGSEND = YES;
				GCC_C_LANGUAGE_STANDARD = gnu11;
				GCC_NO_COMMON_BLOCKS = YES;
				GCC_WARN_64_TO_32_BIT_CONVERSION = YES;
				GCC_WARN_ABOUT_RETURN_TYPE = YES_ERROR;
				GCC_WARN_UNDECLARED_SELECTOR = YES;
				GCC_WARN_UNINITIALIZED_AUTOS = YES_AGGRESSIVE;
				GCC_WARN_UNUSED_FUNCTION = YES;
				GCC_WARN_UNUSED_VARIABLE = YES;
				IPHONEOS_DEPLOYMENT_TARGET = 16.2;
				MTL_ENABLE_DEBUG_INFO = NO;
				MTL_FAST_MATH = YES;
				SDKROOT = iphoneos;
				SWIFT_COMPILATION_MODE = wholemodule;
				SWIFT_OPTIMIZATION_LEVEL = "-O";
				VALIDATE_PRODUCT = YES;
			};
			name = Release;
		};
		352941622958E45500106166 /* Debug */ = {
			isa = XCBuildConfiguration;
			buildSettings = {
				ASSETCATALOG_COMPILER_APPICON_NAME = AppIcon;
				ASSETCATALOG_COMPILER_GLOBAL_ACCENT_COLOR_NAME = AccentColor;
				CODE_SIGN_STYLE = Automatic;
				CURRENT_PROJECT_VERSION = 1;
				DEVELOPMENT_ASSET_PATHS = "\"Day-40/Preview Content\"";
				ENABLE_PREVIEWS = YES;
				GENERATE_INFOPLIST_FILE = YES;
				INFOPLIST_KEY_UIApplicationSceneManifest_Generation = YES;
				INFOPLIST_KEY_UIApplicationSupportsIndirectInputEvents = YES;
				INFOPLIST_KEY_UILaunchScreen_Generation = YES;
				INFOPLIST_KEY_UISupportedInterfaceOrientations_iPad = "UIInterfaceOrientationPortrait UIInterfaceOrientationPortraitUpsideDown UIInterfaceOrientationLandscapeLeft UIInterfaceOrientationLandscapeRight";
				INFOPLIST_KEY_UISupportedInterfaceOrientations_iPhone = "UIInterfaceOrientationPortrait UIInterfaceOrientationLandscapeLeft UIInterfaceOrientationLandscapeRight";
				LD_RUNPATH_SEARCH_PATHS = (
					"$(inherited)",
					"@executable_path/Frameworks",
				);
				MARKETING_VERSION = 1.0;
				PRODUCT_BUNDLE_IDENTIFIER = "oj.Day-40";
				PRODUCT_NAME = "$(TARGET_NAME)";
				SWIFT_EMIT_LOC_STRINGS = YES;
				SWIFT_VERSION = 5.0;
				TARGETED_DEVICE_FAMILY = "1,2";
			};
			name = Debug;
		};
		352941632958E45500106166 /* Release */ = {
			isa = XCBuildConfiguration;
			buildSettings = {
				ASSETCATALOG_COMPILER_APPICON_NAME = AppIcon;
				ASSETCATALOG_COMPILER_GLOBAL_ACCENT_COLOR_NAME = AccentColor;
				CODE_SIGN_STYLE = Automatic;
				CURRENT_PROJECT_VERSION = 1;
				DEVELOPMENT_ASSET_PATHS = "\"Day-40/Preview Content\"";
				ENABLE_PREVIEWS = YES;
				GENERATE_INFOPLIST_FILE = YES;
				INFOPLIST_KEY_UIApplicationSceneManifest_Generation = YES;
				INFOPLIST_KEY_UIApplicationSupportsIndirectInputEvents = YES;
				INFOPLIST_KEY_UILaunchScreen_Generation = YES;
				INFOPLIST_KEY_UISupportedInterfaceOrientations_iPad = "UIInterfaceOrientationPortrait UIInterfaceOrientationPortraitUpsideDown UIInterfaceOrientationLandscapeLeft UIInterfaceOrientationLandscapeRight";
				INFOPLIST_KEY_UISupportedInterfaceOrientations_iPhone = "UIInterfaceOrientationPortrait UIInterfaceOrientationLandscapeLeft UIInterfaceOrientationLandscapeRight";
				LD_RUNPATH_SEARCH_PATHS = (
					"$(inherited)",
					"@executable_path/Frameworks",
				);
				MARKETING_VERSION = 1.0;
				PRODUCT_BUNDLE_IDENTIFIER = "oj.Day-40";
				PRODUCT_NAME = "$(TARGET_NAME)";
				SWIFT_EMIT_LOC_STRINGS = YES;
				SWIFT_VERSION = 5.0;
				TARGETED_DEVICE_FAMILY = "1,2";
			};
			name = Release;
		};
/* End XCBuildConfiguration section */

/* Begin XCConfigurationList section */
		3529414E2958E45300106166 /* Build configuration list for PBXProject "Day-40" */ = {
			isa = XCConfigurationList;
			buildConfigurations = (
				3529415F2958E45500106166 /* Debug */,
				352941602958E45500106166 /* Release */,
			);
			defaultConfigurationIsVisible = 0;
			defaultConfigurationName = Release;
		};
		352941612958E45500106166 /* Build configuration list for PBXNativeTarget "Day-40" */ = {
			isa = XCConfigurationList;
			buildConfigurations = (
				352941622958E45500106166 /* Debug */,
				352941632958E45500106166 /* Release */,
			);
			defaultConfigurationIsVisible = 0;
			defaultConfigurationName = Release;
		};
/* End XCConfigurationList section */
	};
	rootObject = 3529414B2958E45300106166 /* Project object */;
}
