// !$*UTF8*$!
{
	archiveVersion = 1;
	classes = {
	};
	objectVersion = 56;
	objects = {

/* Begin PBXBuildFile section */
		356F8D12297242E300EEA07D /* Day_54App.swift in Sources */ = {isa = PBXBuildFile; fileRef = 356F8D11297242E300EEA07D /* Day_54App.swift */; };
		356F8D14297242E300EEA07D /* ContentView.swift in Sources */ = {isa = PBXBuildFile; fileRef = 356F8D13297242E300EEA07D /* ContentView.swift */; };
		356F8D16297242E400EEA07D /* Assets.xcassets in Resources */ = {isa = PBXBuildFile; fileRef = 356F8D15297242E400EEA07D /* Assets.xcassets */; };
		356F8D19297242E400EEA07D /* Preview Assets.xcassets in Resources */ = {isa = PBXBuildFile; fileRef = 356F8D18297242E400EEA07D /* Preview Assets.xcassets */; };
		356F8D212972431100EEA07D /* Bookworm.xcdatamodeld in Sources */ = {isa = PBXBuildFile; fileRef = 356F8D1F2972431100EEA07D /* Bookworm.xcdatamodeld */; };
		356F8D232972443100EEA07D /* AddBookView.swift in Sources */ = {isa = PBXBuildFile; fileRef = 356F8D222972443100EEA07D /* AddBookView.swift */; };
		356F8D2529724DFD00EEA07D /* RatingView.swift in Sources */ = {isa = PBXBuildFile; fileRef = 356F8D2429724DFD00EEA07D /* RatingView.swift */; };
		356F8D272972636700EEA07D /* EmojiRatingView.swift in Sources */ = {isa = PBXBuildFile; fileRef = 356F8D262972636700EEA07D /* EmojiRatingView.swift */; };
		356F8D292972DEFD00EEA07D /* DataController.swift in Sources */ = {isa = PBXBuildFile; fileRef = 356F8D282972DEFD00EEA07D /* DataController.swift */; };
		356F8D2B2973ADF500EEA07D /* DetailView.swift in Sources */ = {isa = PBXBuildFile; fileRef = 356F8D2A2973ADF500EEA07D /* DetailView.swift */; };
/* End PBXBuildFile section */

/* Begin PBXFileReference section */
		356F8D0E297242E300EEA07D /* Day-54.app */ = {isa = PBXFileReference; explicitFileType = wrapper.application; includeInIndex = 0; path = "Day-54.app"; sourceTree = BUILT_PRODUCTS_DIR; };
		356F8D11297242E300EEA07D /* Day_54App.swift */ = {isa = PBXFileReference; lastKnownFileType = sourcecode.swift; path = Day_54App.swift; sourceTree = "<group>"; };
		356F8D13297242E300EEA07D /* ContentView.swift */ = {isa = PBXFileReference; lastKnownFileType = sourcecode.swift; path = ContentView.swift; sourceTree = "<group>"; };
		356F8D15297242E400EEA07D /* Assets.xcassets */ = {isa = PBXFileReference; lastKnownFileType = folder.assetcatalog; path = Assets.xcassets; sourceTree = "<group>"; };
		356F8D18297242E400EEA07D /* Preview Assets.xcassets */ = {isa = PBXFileReference; lastKnownFileType = folder.assetcatalog; path = "Preview Assets.xcassets"; sourceTree = "<group>"; };
		356F8D202972431100EEA07D /* Bookworm.xcdatamodel */ = {isa = PBXFileReference; lastKnownFileType = wrapper.xcdatamodel; path = Bookworm.xcdatamodel; sourceTree = "<group>"; };
		356F8D222972443100EEA07D /* AddBookView.swift */ = {isa = PBXFileReference; lastKnownFileType = sourcecode.swift; path = AddBookView.swift; sourceTree = "<group>"; };
		356F8D2429724DFD00EEA07D /* RatingView.swift */ = {isa = PBXFileReference; lastKnownFileType = sourcecode.swift; path = RatingView.swift; sourceTree = "<group>"; };
		356F8D262972636700EEA07D /* EmojiRatingView.swift */ = {isa = PBXFileReference; lastKnownFileType = sourcecode.swift; path = EmojiRatingView.swift; sourceTree = "<group>"; };
		356F8D282972DEFD00EEA07D /* DataController.swift */ = {isa = PBXFileReference; fileEncoding = 4; lastKnownFileType = sourcecode.swift; name = DataController.swift; path = "../../../HackingWithSwift-Clone/SwiftUI/project11/Bookworm/DataController.swift"; sourceTree = "<group>"; };
		356F8D2A2973ADF500EEA07D /* DetailView.swift */ = {isa = PBXFileReference; lastKnownFileType = sourcecode.swift; path = DetailView.swift; sourceTree = "<group>"; };
/* End PBXFileReference section */

/* Begin PBXFrameworksBuildPhase section */
		356F8D0B297242E300EEA07D /* Frameworks */ = {
			isa = PBXFrameworksBuildPhase;
			buildActionMask = 2147483647;
			files = (
			);
			runOnlyForDeploymentPostprocessing = 0;
		};
/* End PBXFrameworksBuildPhase section */

/* Begin PBXGroup section */
		356F8D05297242E300EEA07D = {
			isa = PBXGroup;
			children = (
				356F8D1F2972431100EEA07D /* Bookworm.xcdatamodeld */,
				356F8D10297242E300EEA07D /* Day-54 */,
				356F8D0F297242E300EEA07D /* Products */,
			);
			sourceTree = "<group>";
		};
		356F8D0F297242E300EEA07D /* Products */ = {
			isa = PBXGroup;
			children = (
				356F8D0E297242E300EEA07D /* Day-54.app */,
			);
			name = Products;
			sourceTree = "<group>";
		};
		356F8D10297242E300EEA07D /* Day-54 */ = {
			isa = PBXGroup;
			children = (
				356F8D282972DEFD00EEA07D /* DataController.swift */,
				356F8D11297242E300EEA07D /* Day_54App.swift */,
				356F8D13297242E300EEA07D /* ContentView.swift */,
				356F8D262972636700EEA07D /* EmojiRatingView.swift */,
				356F8D222972443100EEA07D /* AddBookView.swift */,
				356F8D2429724DFD00EEA07D /* RatingView.swift */,
				356F8D15297242E400EEA07D /* Assets.xcassets */,
				356F8D2A2973ADF500EEA07D /* DetailView.swift */,
				356F8D17297242E400EEA07D /* Preview Content */,
			);
			path = "Day-54";
			sourceTree = "<group>";
		};
		356F8D17297242E400EEA07D /* Preview Content */ = {
			isa = PBXGroup;
			children = (
				356F8D18297242E400EEA07D /* Preview Assets.xcassets */,
			);
			path = "Preview Content";
			sourceTree = "<group>";
		};
/* End PBXGroup section */

/* Begin PBXNativeTarget section */
		356F8D0D297242E300EEA07D /* Day-54 */ = {
			isa = PBXNativeTarget;
			buildConfigurationList = 356F8D1C297242E400EEA07D /* Build configuration list for PBXNativeTarget "Day-54" */;
			buildPhases = (
				356F8D0A297242E300EEA07D /* Sources */,
				356F8D0B297242E300EEA07D /* Frameworks */,
				356F8D0C297242E300EEA07D /* Resources */,
			);
			buildRules = (
			);
			dependencies = (
			);
			name = "Day-54";
			productName = "Day-54";
			productReference = 356F8D0E297242E300EEA07D /* Day-54.app */;
			productType = "com.apple.product-type.application";
		};
/* End PBXNativeTarget section */

/* Begin PBXProject section */
		356F8D06297242E300EEA07D /* Project object */ = {
			isa = PBXProject;
			attributes = {
				BuildIndependentTargetsInParallel = 1;
				LastSwiftUpdateCheck = 1420;
				LastUpgradeCheck = 1420;
				TargetAttributes = {
					356F8D0D297242E300EEA07D = {
						CreatedOnToolsVersion = 14.2;
					};
				};
			};
			buildConfigurationList = 356F8D09297242E300EEA07D /* Build configuration list for PBXProject "Day-54" */;
			compatibilityVersion = "Xcode 14.0";
			developmentRegion = en;
			hasScannedForEncodings = 0;
			knownRegions = (
				en,
				Base,
			);
			mainGroup = 356F8D05297242E300EEA07D;
			productRefGroup = 356F8D0F297242E300EEA07D /* Products */;
			projectDirPath = "";
			projectRoot = "";
			targets = (
				356F8D0D297242E300EEA07D /* Day-54 */,
			);
		};
/* End PBXProject section */

/* Begin PBXResourcesBuildPhase section */
		356F8D0C297242E300EEA07D /* Resources */ = {
			isa = PBXResourcesBuildPhase;
			buildActionMask = 2147483647;
			files = (
				356F8D19297242E400EEA07D /* Preview Assets.xcassets in Resources */,
				356F8D16297242E400EEA07D /* Assets.xcassets in Resources */,
			);
			runOnlyForDeploymentPostprocessing = 0;
		};
/* End PBXResourcesBuildPhase section */

/* Begin PBXSourcesBuildPhase section */
		356F8D0A297242E300EEA07D /* Sources */ = {
			isa = PBXSourcesBuildPhase;
			buildActionMask = 2147483647;
			files = (
				356F8D292972DEFD00EEA07D /* DataController.swift in Sources */,
				356F8D2B2973ADF500EEA07D /* DetailView.swift in Sources */,
				356F8D14297242E300EEA07D /* ContentView.swift in Sources */,
				356F8D212972431100EEA07D /* Bookworm.xcdatamodeld in Sources */,
				356F8D12297242E300EEA07D /* Day_54App.swift in Sources */,
				356F8D2529724DFD00EEA07D /* RatingView.swift in Sources */,
				356F8D272972636700EEA07D /* EmojiRatingView.swift in Sources */,
				356F8D232972443100EEA07D /* AddBookView.swift in Sources */,
			);
			runOnlyForDeploymentPostprocessing = 0;
		};
/* End PBXSourcesBuildPhase section */

/* Begin XCBuildConfiguration section */
		356F8D1A297242E400EEA07D /* Debug */ = {
			isa = XCBuildConfiguration;
			buildSettings = {
				ALWAYS_SEARCH_USER_PATHS = NO;
				CLANG_ANALYZER_NONNULL = YES;
				CLANG_ANALYZER_NUMBER_OBJECT_CONVERSION = YES_AGGRESSIVE;
				CLANG_CXX_LANGUAGE_STANDARD = "gnu++20";
				CLANG_ENABLE_MODULES = YES;
				CLANG_ENABLE_OBJC_ARC = YES;
				CLANG_ENABLE_OBJC_WEAK = YES;
				CLANG_WARN_BLOCK_CAPTURE_AUTORELEASING = YES;
				CLANG_WARN_BOOL_CONVERSION = YES;
				CLANG_WARN_COMMA = YES;
				CLANG_WARN_CONSTANT_CONVERSION = YES;
				CLANG_WARN_DEPRECATED_OBJC_IMPLEMENTATIONS = YES;
				CLANG_WARN_DIRECT_OBJC_ISA_USAGE = YES_ERROR;
				CLANG_WARN_DOCUMENTATION_COMMENTS = YES;
				CLANG_WARN_EMPTY_BODY = YES;
				CLANG_WARN_ENUM_CONVERSION = YES;
				CLANG_WARN_INFINITE_RECURSION = YES;
				CLANG_WARN_INT_CONVERSION = YES;
				CLANG_WARN_NON_LITERAL_NULL_CONVERSION = YES;
				CLANG_WARN_OBJC_IMPLICIT_RETAIN_SELF = YES;
				CLANG_WARN_OBJC_LITERAL_CONVERSION = YES;
				CLANG_WARN_OBJC_ROOT_CLASS = YES_ERROR;
				CLANG_WARN_QUOTED_INCLUDE_IN_FRAMEWORK_HEADER = YES;
				CLANG_WARN_RANGE_LOOP_ANALYSIS = YES;
				CLANG_WARN_STRICT_PROTOTYPES = YES;
				CLANG_WARN_SUSPICIOUS_MOVE = YES;
				CLANG_WARN_UNGUARDED_AVAILABILITY = YES_AGGRESSIVE;
				CLANG_WARN_UNREACHABLE_CODE = YES;
				CLANG_WARN__DUPLICATE_METHOD_MATCH = YES;
				COPY_PHASE_STRIP = NO;
				DEBUG_INFORMATION_FORMAT = dwarf;
				ENABLE_STRICT_OBJC_MSGSEND = YES;
				ENABLE_TESTABILITY = YES;
				GCC_C_LANGUAGE_STANDARD = gnu11;
				GCC_DYNAMIC_NO_PIC = NO;
				GCC_NO_COMMON_BLOCKS = YES;
				GCC_OPTIMIZATION_LEVEL = 0;
				GCC_PREPROCESSOR_DEFINITIONS = (
					"DEBUG=1",
					"$(inherited)",
				);
				GCC_WARN_64_TO_32_BIT_CONVERSION = YES;
				GCC_WARN_ABOUT_RETURN_TYPE = YES_ERROR;
				GCC_WARN_UNDECLARED_SELECTOR = YES;
				GCC_WARN_UNINITIALIZED_AUTOS = YES_AGGRESSIVE;
				GCC_WARN_UNUSED_FUNCTION = YES;
				GCC_WARN_UNUSED_VARIABLE = YES;
				IPHONEOS_DEPLOYMENT_TARGET = 16.2;
				MTL_ENABLE_DEBUG_INFO = INCLUDE_SOURCE;
				MTL_FAST_MATH = YES;
				ONLY_ACTIVE_ARCH = YES;
				SDKROOT = iphoneos;
				SWIFT_ACTIVE_COMPILATION_CONDITIONS = DEBUG;
				SWIFT_OPTIMIZATION_LEVEL = "-Onone";
			};
			name = Debug;
		};
		356F8D1B297242E400EEA07D /* Release */ = {
			isa = XCBuildConfiguration;
			buildSettings = {
				ALWAYS_SEARCH_USER_PATHS = NO;
				CLANG_ANALYZER_NONNULL = YES;
				CLANG_ANALYZER_NUMBER_OBJECT_CONVERSION = YES_AGGRESSIVE;
				CLANG_CXX_LANGUAGE_STANDARD = "gnu++20";
				CLANG_ENABLE_MODULES = YES;
				CLANG_ENABLE_OBJC_ARC = YES;
				CLANG_ENABLE_OBJC_WEAK = YES;
				CLANG_WARN_BLOCK_CAPTURE_AUTORELEASING = YES;
				CLANG_WARN_BOOL_CONVERSION = YES;
				CLANG_WARN_COMMA = YES;
				CLANG_WARN_CONSTANT_CONVERSION = YES;
				CLANG_WARN_DEPRECATED_OBJC_IMPLEMENTATIONS = YES;
				CLANG_WARN_DIRECT_OBJC_ISA_USAGE = YES_ERROR;
				CLANG_WARN_DOCUMENTATION_COMMENTS = YES;
				CLANG_WARN_EMPTY_BODY = YES;
				CLANG_WARN_ENUM_CONVERSION = YES;
				CLANG_WARN_INFINITE_RECURSION = YES;
				CLANG_WARN_INT_CONVERSION = YES;
				CLANG_WARN_NON_LITERAL_NULL_CONVERSION = YES;
				CLANG_WARN_OBJC_IMPLICIT_RETAIN_SELF = YES;
				CLANG_WARN_OBJC_LITERAL_CONVERSION = YES;
				CLANG_WARN_OBJC_ROOT_CLASS = YES_ERROR;
				CLANG_WARN_QUOTED_INCLUDE_IN_FRAMEWORK_HEADER = YES;
				CLANG_WARN_RANGE_LOOP_ANALYSIS = YES;
				CLANG_WARN_STRICT_PROTOTYPES = YES;
				CLANG_WARN_SUSPICIOUS_MOVE = YES;
				CLANG_WARN_UNGUARDED_AVAILABILITY = YES_AGGRESSIVE;
				CLANG_WARN_UNREACHABLE_CODE = YES;
				CLANG_WARN__DUPLICATE_METHOD_MATCH = YES;
				COPY_PHASE_STRIP = NO;
				DEBUG_INFORMATION_FORMAT = "dwarf-with-dsym";
				ENABLE_NS_ASSERTIONS = NO;
				ENABLE_STRICT_OBJC_MSGSEND = YES;
				GCC_C_LANGUAGE_STANDARD = gnu11;
				GCC_NO_COMMON_BLOCKS = YES;
				GCC_WARN_64_TO_32_BIT_CONVERSION = YES;
				GCC_WARN_ABOUT_RETURN_TYPE = YES_ERROR;
				GCC_WARN_UNDECLARED_SELECTOR = YES;
				GCC_WARN_UNINITIALIZED_AUTOS = YES_AGGRESSIVE;
				GCC_WARN_UNUSED_FUNCTION = YES;
				GCC_WARN_UNUSED_VARIABLE = YES;
				IPHONEOS_DEPLOYMENT_TARGET = 16.2;
				MTL_ENABLE_DEBUG_INFO = NO;
				MTL_FAST_MATH = YES;
				SDKROOT = iphoneos;
				SWIFT_COMPILATION_MODE = wholemodule;
				SWIFT_OPTIMIZATION_LEVEL = "-O";
				VALIDATE_PRODUCT = YES;
			};
			name = Release;
		};
		356F8D1D297242E400EEA07D /* Debug */ = {
			isa = XCBuildConfiguration;
			buildSettings = {
				ASSETCATALOG_COMPILER_APPICON_NAME = AppIcon;
				ASSETCATALOG_COMPILER_GLOBAL_ACCENT_COLOR_NAME = AccentColor;
				CODE_SIGN_STYLE = Automatic;
				CURRENT_PROJECT_VERSION = 1;
				DEVELOPMENT_ASSET_PATHS = "\"Day-54/Preview Content\"";
				ENABLE_PREVIEWS = YES;
				GENERATE_INFOPLIST_FILE = YES;
				INFOPLIST_KEY_UIApplicationSceneManifest_Generation = YES;
				INFOPLIST_KEY_UIApplicationSupportsIndirectInputEvents = YES;
				INFOPLIST_KEY_UILaunchScreen_Generation = YES;
				INFOPLIST_KEY_UISupportedInterfaceOrientations_iPad = "UIInterfaceOrientationPortrait UIInterfaceOrientationPortraitUpsideDown UIInterfaceOrientationLandscapeLeft UIInterfaceOrientationLandscapeRight";
				INFOPLIST_KEY_UISupportedInterfaceOrientations_iPhone = "UIInterfaceOrientationPortrait UIInterfaceOrientationLandscapeLeft UIInterfaceOrientationLandscapeRight";
				LD_RUNPATH_SEARCH_PATHS = (
					"$(inherited)",
					"@executable_path/Frameworks",
				);
				MARKETING_VERSION = 1.0;
				PRODUCT_BUNDLE_IDENTIFIER = "oj.Day-54";
				PRODUCT_NAME = "$(TARGET_NAME)";
				SWIFT_EMIT_LOC_STRINGS = YES;
				SWIFT_VERSION = 5.0;
				TARGETED_DEVICE_FAMILY = "1,2";
			};
			name = Debug;
		};
		356F8D1E297242E400EEA07D /* Release */ = {
			isa = XCBuildConfiguration;
			buildSettings = {
				ASSETCATALOG_COMPILER_APPICON_NAME = AppIcon;
				ASSETCATALOG_COMPILER_GLOBAL_ACCENT_COLOR_NAME = AccentColor;
				CODE_SIGN_STYLE = Automatic;
				CURRENT_PROJECT_VERSION = 1;
				DEVELOPMENT_ASSET_PATHS = "\"Day-54/Preview Content\"";
				ENABLE_PREVIEWS = YES;
				GENERATE_INFOPLIST_FILE = YES;
				INFOPLIST_KEY_UIApplicationSceneManifest_Generation = YES;
				INFOPLIST_KEY_UIApplicationSupportsIndirectInputEvents = YES;
				INFOPLIST_KEY_UILaunchScreen_Generation = YES;
				INFOPLIST_KEY_UISupportedInterfaceOrientations_iPad = "UIInterfaceOrientationPortrait UIInterfaceOrientationPortraitUpsideDown UIInterfaceOrientationLandscapeLeft UIInterfaceOrientationLandscapeRight";
				INFOPLIST_KEY_UISupportedInterfaceOrientations_iPhone = "UIInterfaceOrientationPortrait UIInterfaceOrientationLandscapeLeft UIInterfaceOrientationLandscapeRight";
				LD_RUNPATH_SEARCH_PATHS = (
					"$(inherited)",
					"@executable_path/Frameworks",
				);
				MARKETING_VERSION = 1.0;
				PRODUCT_BUNDLE_IDENTIFIER = "oj.Day-54";
				PRODUCT_NAME = "$(TARGET_NAME)";
				SWIFT_EMIT_LOC_STRINGS = YES;
				SWIFT_VERSION = 5.0;
				TARGETED_DEVICE_FAMILY = "1,2";
			};
			name = Release;
		};
/* End XCBuildConfiguration section */

/* Begin XCConfigurationList section */
		356F8D09297242E300EEA07D /* Build configuration list for PBXProject "Day-54" */ = {
			isa = XCConfigurationList;
			buildConfigurations = (
				356F8D1A297242E400EEA07D /* Debug */,
				356F8D1B297242E400EEA07D /* Release */,
			);
			defaultConfigurationIsVisible = 0;
			defaultConfigurationName = Release;
		};
		356F8D1C297242E400EEA07D /* Build configuration list for PBXNativeTarget "Day-54" */ = {
			isa = XCConfigurationList;
			buildConfigurations = (
				356F8D1D297242E400EEA07D /* Debug */,
				356F8D1E297242E400EEA07D /* Release */,
			);
			defaultConfigurationIsVisible = 0;
			defaultConfigurationName = Release;
		};
/* End XCConfigurationList section */

/* Begin XCVersionGroup section */
		356F8D1F2972431100EEA07D /* Bookworm.xcdatamodeld */ = {
			isa = XCVersionGroup;
			children = (
				356F8D202972431100EEA07D /* Bookworm.xcdatamodel */,
			);
			currentVersion = 356F8D202972431100EEA07D /* Bookworm.xcdatamodel */;
			path = Bookworm.xcdatamodeld;
			sourceTree = "<group>";
			versionGroupType = wrapper.xcdatamodel;
		};
/* End XCVersionGroup section */
	};
	rootObject = 356F8D06297242E300EEA07D /* Project object */;
}
